// !$*UTF8*$!
{
	archiveVersion = 1;
	classes = {
	};
	objectVersion = 56;
	objects = {

/* Begin PBXBuildFile section */
		201F040E2B0D99D800A59842 /* AppDelegate.swift in Sources */ = {isa = PBXBuildFile; fileRef = 201F040D2B0D99D800A59842 /* AppDelegate.swift */; };
		201F04102B0D99D800A59842 /* SceneDelegate.swift in Sources */ = {isa = PBXBuildFile; fileRef = 201F040F2B0D99D800A59842 /* SceneDelegate.swift */; };
		201F04122B0D99D800A59842 /* ViewController.swift in Sources */ = {isa = PBXBuildFile; fileRef = 201F04112B0D99D800A59842 /* ViewController.swift */; };
		201F04152B0D99D800A59842 /* Main.storyboard in Resources */ = {isa = PBXBuildFile; fileRef = 201F04132B0D99D800A59842 /* Main.storyboard */; };
		201F04172B0D99DA00A59842 /* Assets.xcassets in Resources */ = {isa = PBXBuildFile; fileRef = 201F04162B0D99DA00A59842 /* Assets.xcassets */; };
		201F041A2B0D99DA00A59842 /* LaunchScreen.storyboard in Resources */ = {isa = PBXBuildFile; fileRef = 201F04182B0D99DA00A59842 /* LaunchScreen.storyboard */; };
		20760D342B2312C000AF6788 /* ListTableViewController.swift in Sources */ = {isa = PBXBuildFile; fileRef = 20760D332B2312C000AF6788 /* ListTableViewController.swift */; };
		20760D362B2312E200AF6788 /* DetailViewController.swift in Sources */ = {isa = PBXBuildFile; fileRef = 20760D352B2312E200AF6788 /* DetailViewController.swift */; };
		20760D382B231AD100AF6788 /* CharacterFile.swift in Sources */ = {isa = PBXBuildFile; fileRef = 20760D372B231AD100AF6788 /* CharacterFile.swift */; };
/* End PBXBuildFile section */

/* Begin PBXFileReference section */
		201F040A2B0D99D800A59842 /* e-book.app */ = {isa = PBXFileReference; explicitFileType = wrapper.application; includeInIndex = 0; path = "e-book.app"; sourceTree = BUILT_PRODUCTS_DIR; };
		201F040D2B0D99D800A59842 /* AppDelegate.swift */ = {isa = PBXFileReference; lastKnownFileType = sourcecode.swift; path = AppDelegate.swift; sourceTree = "<group>"; };
		201F040F2B0D99D800A59842 /* SceneDelegate.swift */ = {isa = PBXFileReference; lastKnownFileType = sourcecode.swift; path = SceneDelegate.swift; sourceTree = "<group>"; };
		201F04112B0D99D800A59842 /* ViewController.swift */ = {isa = PBXFileReference; lastKnownFileType = sourcecode.swift; path = ViewController.swift; sourceTree = "<group>"; };
		201F04142B0D99D800A59842 /* Base */ = {isa = PBXFileReference; lastKnownFileType = file.storyboard; name = Base; path = Base.lproj/Main.storyboard; sourceTree = "<group>"; };
		201F04162B0D99DA00A59842 /* Assets.xcassets */ = {isa = PBXFileReference; lastKnownFileType = folder.assetcatalog; path = Assets.xcassets; sourceTree = "<group>"; };
		201F04192B0D99DA00A59842 /* Base */ = {isa = PBXFileReference; lastKnownFileType = file.storyboard; name = Base; path = Base.lproj/LaunchScreen.storyboard; sourceTree = "<group>"; };
		201F041B2B0D99DA00A59842 /* Info.plist */ = {isa = PBXFileReference; lastKnownFileType = text.plist.xml; path = Info.plist; sourceTree = "<group>"; };
		20760D332B2312C000AF6788 /* ListTableViewController.swift */ = {isa = PBXFileReference; lastKnownFileType = sourcecode.swift; path = ListTableViewController.swift; sourceTree = "<group>"; };
		20760D352B2312E200AF6788 /* DetailViewController.swift */ = {isa = PBXFileReference; lastKnownFileType = sourcecode.swift; path = DetailViewController.swift; sourceTree = "<group>"; };
		20760D372B231AD100AF6788 /* CharacterFile.swift */ = {isa = PBXFileReference; lastKnownFileType = sourcecode.swift; path = CharacterFile.swift; sourceTree = "<group>"; };
/* End PBXFileReference section */

/* Begin PBXFrameworksBuildPhase section */
		201F04072B0D99D800A59842 /* Frameworks */ = {
			isa = PBXFrameworksBuildPhase;
			buildActionMask = 2147483647;
			files = (
			);
			runOnlyForDeploymentPostprocessing = 0;
		};
/* End PBXFrameworksBuildPhase section */

/* Begin PBXGroup section */
		201F04012B0D99D800A59842 = {
			isa = PBXGroup;
			children = (
				201F040C2B0D99D800A59842 /* e-book */,
				201F040B2B0D99D800A59842 /* Products */,
			);
			sourceTree = "<group>";
		};
		201F040B2B0D99D800A59842 /* Products */ = {
			isa = PBXGroup;
			children = (
				201F040A2B0D99D800A59842 /* e-book.app */,
			);
			name = Products;
			sourceTree = "<group>";
		};
		201F040C2B0D99D800A59842 /* e-book */ = {
			isa = PBXGroup;
			children = (
				201F040D2B0D99D800A59842 /* AppDelegate.swift */,
				201F040F2B0D99D800A59842 /* SceneDelegate.swift */,
				201F04112B0D99D800A59842 /* ViewController.swift */,
				201F04132B0D99D800A59842 /* Main.storyboard */,
				20760D352B2312E200AF6788 /* DetailViewController.swift */,
				20760D332B2312C000AF6788 /* ListTableViewController.swift */,
				201F04162B0D99DA00A59842 /* Assets.xcassets */,
				20760D372B231AD100AF6788 /* CharacterFile.swift */,
				201F04182B0D99DA00A59842 /* LaunchScreen.storyboard */,
				201F041B2B0D99DA00A59842 /* Info.plist */,
			);
			path = "e-book";
			sourceTree = "<group>";
		};
/* End PBXGroup section */

/* Begin PBXNativeTarget section */
		201F04092B0D99D800A59842 /* e-book */ = {
			isa = PBXNativeTarget;
			buildConfigurationList = 201F041E2B0D99DA00A59842 /* Build configuration list for PBXNativeTarget "e-book" */;
			buildPhases = (
				201F04062B0D99D800A59842 /* Sources */,
				201F04072B0D99D800A59842 /* Frameworks */,
				201F04082B0D99D800A59842 /* Resources */,
			);
			buildRules = (
			);
			dependencies = (
			);
			name = "e-book";
			productName = "e-book";
			productReference = 201F040A2B0D99D800A59842 /* e-book.app */;
			productType = "com.apple.product-type.application";
		};
/* End PBXNativeTarget section */

/* Begin PBXProject section */
		201F04022B0D99D800A59842 /* Project object */ = {
			isa = PBXProject;
			attributes = {
				BuildIndependentTargetsInParallel = 1;
				LastSwiftUpdateCheck = 1420;
				LastUpgradeCheck = 1420;
				TargetAttributes = {
					201F04092B0D99D800A59842 = {
						CreatedOnToolsVersion = 14.2;
					};
				};
			};
			buildConfigurationList = 201F04052B0D99D800A59842 /* Build configuration list for PBXProject "e-book" */;
			compatibilityVersion = "Xcode 14.0";
			developmentRegion = en;
			hasScannedForEncodings = 0;
			knownRegions = (
				en,
				Base,
			);
			mainGroup = 201F04012B0D99D800A59842;
			productRefGroup = 201F040B2B0D99D800A59842 /* Products */;
			projectDirPath = "";
			projectRoot = "";
			targets = (
				201F04092B0D99D800A59842 /* e-book */,
			);
		};
/* End PBXProject section */

/* Begin PBXResourcesBuildPhase section */
		201F04082B0D99D800A59842 /* Resources */ = {
			isa = PBXResourcesBuildPhase;
			buildActionMask = 2147483647;
			files = (
				201F041A2B0D99DA00A59842 /* LaunchScreen.storyboard in Resources */,
				201F04172B0D99DA00A59842 /* Assets.xcassets in Resources */,
				201F04152B0D99D800A59842 /* Main.storyboard in Resources */,
			);
			runOnlyForDeploymentPostprocessing = 0;
		};
/* End PBXResourcesBuildPhase section */

/* Begin PBXSourcesBuildPhase section */
		201F04062B0D99D800A59842 /* Sources */ = {
			isa = PBXSourcesBuildPhase;
			buildActionMask = 2147483647;
			files = (
				201F04122B0D99D800A59842 /* ViewController.swift in Sources */,
				20760D382B231AD100AF6788 /* CharacterFile.swift in Sources */,
				201F040E2B0D99D800A59842 /* AppDelegate.swift in Sources */,
				20760D362B2312E200AF6788 /* DetailViewController.swift in Sources */,
				201F04102B0D99D800A59842 /* SceneDelegate.swift in Sources */,
				20760D342B2312C000AF6788 /* ListTableViewController.swift in Sources */,
			);
			runOnlyForDeploymentPostprocessing = 0;
		};
/* End PBXSourcesBuildPhase section */

/* Begin PBXVariantGroup section */
		201F04132B0D99D800A59842 /* Main.storyboard */ = {
			isa = PBXVariantGroup;
			children = (
				201F04142B0D99D800A59842 /* Base */,
			);
			name = Main.storyboard;
			sourceTree = "<group>";
		};
		201F04182B0D99DA00A59842 /* LaunchScreen.storyboard */ = {
			isa = PBXVariantGroup;
			children = (
				201F04192B0D99DA00A59842 /* Base */,
			);
			name = LaunchScreen.storyboard;
			sourceTree = "<group>";
		};
/* End PBXVariantGroup section */

/* Begin XCBuildConfiguration section */
		201F041C2B0D99DA00A59842 /* Debug */ = {
			isa = XCBuildConfiguration;
			buildSettings = {
				ALWAYS_SEARCH_USER_PATHS = NO;
				CLANG_ANALYZER_NONNULL = YES;
				CLANG_ANALYZER_NUMBER_OBJECT_CONVERSION = YES_AGGRESSIVE;
				CLANG_CXX_LANGUAGE_STANDARD = "gnu++20";
				CLANG_ENABLE_MODULES = YES;
				CLANG_ENABLE_OBJC_ARC = YES;
				CLANG_ENABLE_OBJC_WEAK = YES;
				CLANG_WARN_BLOCK_CAPTURE_AUTORELEASING = YES;
				CLANG_WARN_BOOL_CONVERSION = YES;
				CLANG_WARN_COMMA = YES;
				CLANG_WARN_CONSTANT_CONVERSION = YES;
				CLANG_WARN_DEPRECATED_OBJC_IMPLEMENTATIONS = YES;
				CLANG_WARN_DIRECT_OBJC_ISA_USAGE = YES_ERROR;
				CLANG_WARN_DOCUMENTATION_COMMENTS = YES;
				CLANG_WARN_EMPTY_BODY = YES;
				CLANG_WARN_ENUM_CONVERSION = YES;
				CLANG_WARN_INFINITE_RECURSION = YES;
				CLANG_WARN_INT_CONVERSION = YES;
				CLANG_WARN_NON_LITERAL_NULL_CONVERSION = YES;
				CLANG_WARN_OBJC_IMPLICIT_RETAIN_SELF = YES;
				CLANG_WARN_OBJC_LITERAL_CONVERSION = YES;
				CLANG_WARN_OBJC_ROOT_CLASS = YES_ERROR;
				CLANG_WARN_QUOTED_INCLUDE_IN_FRAMEWORK_HEADER = YES;
				CLANG_WARN_RANGE_LOOP_ANALYSIS = YES;
				CLANG_WARN_STRICT_PROTOTYPES = YES;
				CLANG_WARN_SUSPICIOUS_MOVE = YES;
				CLANG_WARN_UNGUARDED_AVAILABILITY = YES_AGGRESSIVE;
				CLANG_WARN_UNREACHABLE_CODE = YES;
				CLANG_WARN__DUPLICATE_METHOD_MATCH = YES;
				COPY_PHASE_STRIP = NO;
				DEBUG_INFORMATION_FORMAT = dwarf;
				ENABLE_STRICT_OBJC_MSGSEND = YES;
				ENABLE_TESTABILITY = YES;
				GCC_C_LANGUAGE_STANDARD = gnu11;
				GCC_DYNAMIC_NO_PIC = NO;
				GCC_NO_COMMON_BLOCKS = YES;
				GCC_OPTIMIZATION_LEVEL = 0;
				GCC_PREPROCESSOR_DEFINITIONS = (
					"DEBUG=1",
					"$(inherited)",
				);
				GCC_WARN_64_TO_32_BIT_CONVERSION = YES;
				GCC_WARN_ABOUT_RETURN_TYPE = YES_ERROR;
				GCC_WARN_UNDECLARED_SELECTOR = YES;
				GCC_WARN_UNINITIALIZED_AUTOS = YES_AGGRESSIVE;
				GCC_WARN_UNUSED_FUNCTION = YES;
				GCC_WARN_UNUSED_VARIABLE = YES;
				IPHONEOS_DEPLOYMENT_TARGET = 16.2;
				MTL_ENABLE_DEBUG_INFO = INCLUDE_SOURCE;
				MTL_FAST_MATH = YES;
				ONLY_ACTIVE_ARCH = YES;
				SDKROOT = iphoneos;
				SWIFT_ACTIVE_COMPILATION_CONDITIONS = DEBUG;
				SWIFT_OPTIMIZATION_LEVEL = "-Onone";
			};
			name = Debug;
		};
		201F041D2B0D99DA00A59842 /* Release */ = {
			isa = XCBuildConfiguration;
			buildSettings = {
				ALWAYS_SEARCH_USER_PATHS = NO;
				CLANG_ANALYZER_NONNULL = YES;
				CLANG_ANALYZER_NUMBER_OBJECT_CONVERSION = YES_AGGRESSIVE;
				CLANG_CXX_LANGUAGE_STANDARD = "gnu++20";
				CLANG_ENABLE_MODULES = YES;
				CLANG_ENABLE_OBJC_ARC = YES;
				CLANG_ENABLE_OBJC_WEAK = YES;
				CLANG_WARN_BLOCK_CAPTURE_AUTORELEASING = YES;
				CLANG_WARN_BOOL_CONVERSION = YES;
				CLANG_WARN_COMMA = YES;
				CLANG_WARN_CONSTANT_CONVERSION = YES;
				CLANG_WARN_DEPRECATED_OBJC_IMPLEMENTATIONS = YES;
				CLANG_WARN_DIRECT_OBJC_ISA_USAGE = YES_ERROR;
				CLANG_WARN_DOCUMENTATION_COMMENTS = YES;
				CLANG_WARN_EMPTY_BODY = YES;
				CLANG_WARN_ENUM_CONVERSION = YES;
				CLANG_WARN_INFINITE_RECURSION = YES;
				CLANG_WARN_INT_CONVERSION = YES;
				CLANG_WARN_NON_LITERAL_NULL_CONVERSION = YES;
				CLANG_WARN_OBJC_IMPLICIT_RETAIN_SELF = YES;
				CLANG_WARN_OBJC_LITERAL_CONVERSION = YES;
				CLANG_WARN_OBJC_ROOT_CLASS = YES_ERROR;
				CLANG_WARN_QUOTED_INCLUDE_IN_FRAMEWORK_HEADER = YES;
				CLANG_WARN_RANGE_LOOP_ANALYSIS = YES;
				CLANG_WARN_STRICT_PROTOTYPES = YES;
				CLANG_WARN_SUSPICIOUS_MOVE = YES;
				CLANG_WARN_UNGUARDED_AVAILABILITY = YES_AGGRESSIVE;
				CLANG_WARN_UNREACHABLE_CODE = YES;
				CLANG_WARN__DUPLICATE_METHOD_MATCH = YES;
				COPY_PHASE_STRIP = NO;
				DEBUG_INFORMATION_FORMAT = "dwarf-with-dsym";
				ENABLE_NS_ASSERTIONS = NO;
				ENABLE_STRICT_OBJC_MSGSEND = YES;
				GCC_C_LANGUAGE_STANDARD = gnu11;
				GCC_NO_COMMON_BLOCKS = YES;
				GCC_WARN_64_TO_32_BIT_CONVERSION = YES;
				GCC_WARN_ABOUT_RETURN_TYPE = YES_ERROR;
				GCC_WARN_UNDECLARED_SELECTOR = YES;
				GCC_WARN_UNINITIALIZED_AUTOS = YES_AGGRESSIVE;
				GCC_WARN_UNUSED_FUNCTION = YES;
				GCC_WARN_UNUSED_VARIABLE = YES;
				IPHONEOS_DEPLOYMENT_TARGET = 16.2;
				MTL_ENABLE_DEBUG_INFO = NO;
				MTL_FAST_MATH = YES;
				SDKROOT = iphoneos;
				SWIFT_COMPILATION_MODE = wholemodule;
				SWIFT_OPTIMIZATION_LEVEL = "-O";
				VALIDATE_PRODUCT = YES;
			};
			name = Release;
		};
		201F041F2B0D99DA00A59842 /* Debug */ = {
			isa = XCBuildConfiguration;
			buildSettings = {
				ASSETCATALOG_COMPILER_APPICON_NAME = AppIcon;
				ASSETCATALOG_COMPILER_GLOBAL_ACCENT_COLOR_NAME = AccentColor;
				CODE_SIGN_STYLE = Automatic;
				CURRENT_PROJECT_VERSION = 1;
				DEVELOPMENT_TEAM = 875HDC4R7F;
				GENERATE_INFOPLIST_FILE = YES;
				INFOPLIST_FILE = "e-book/Info.plist";
				INFOPLIST_KEY_UIApplicationSupportsIndirectInputEvents = YES;
				INFOPLIST_KEY_UILaunchStoryboardName = LaunchScreen;
				INFOPLIST_KEY_UIMainStoryboardFile = Main;
				INFOPLIST_KEY_UISupportedInterfaceOrientations_iPad = "UIInterfaceOrientationPortrait UIInterfaceOrientationPortraitUpsideDown UIInterfaceOrientationLandscapeLeft UIInterfaceOrientationLandscapeRight";
				INFOPLIST_KEY_UISupportedInterfaceOrientations_iPhone = "UIInterfaceOrientationPortrait UIInterfaceOrientationLandscapeLeft UIInterfaceOrientationLandscapeRight";
				IPHONEOS_DEPLOYMENT_TARGET = 14.0;
				LD_RUNPATH_SEARCH_PATHS = (
					"$(inherited)",
					"@executable_path/Frameworks",
				);
				MARKETING_VERSION = 1.0;
				PRODUCT_BUNDLE_IDENTIFIER = "com.appcoda.e-book";
				PRODUCT_NAME = "$(TARGET_NAME)";
				SWIFT_EMIT_LOC_STRINGS = YES;
				SWIFT_VERSION = 5.0;
				TARGETED_DEVICE_FAMILY = "1,2";
			};
			name = Debug;
		};
		201F04202B0D99DA00A59842 /* Release */ = {
			isa = XCBuildConfiguration;
			buildSettings = {
				ASSETCATALOG_COMPILER_APPICON_NAME = AppIcon;
				ASSETCATALOG_COMPILER_GLOBAL_ACCENT_COLOR_NAME = AccentColor;
				CODE_SIGN_STYLE = Automatic;
				CURRENT_PROJECT_VERSION = 1;
				DEVELOPMENT_TEAM = 875HDC4R7F;
				GENERATE_INFOPLIST_FILE = YES;
				INFOPLIST_FILE = "e-book/Info.plist";
				INFOPLIST_KEY_UIApplicationSupportsIndirectInputEvents = YES;
				INFOPLIST_KEY_UILaunchStoryboardName = LaunchScreen;
				INFOPLIST_KEY_UIMainStoryboardFile = Main;
				INFOPLIST_KEY_UISupportedInterfaceOrientations_iPad = "UIInterfaceOrientationPortrait UIInterfaceOrientationPortraitUpsideDown UIInterfaceOrientationLandscapeLeft UIInterfaceOrientationLandscapeRight";
				INFOPLIST_KEY_UISupportedInterfaceOrientations_iPhone = "UIInterfaceOrientationPortrait UIInterfaceOrientationLandscapeLeft UIInterfaceOrientationLandscapeRight";
				IPHONEOS_DEPLOYMENT_TARGET = 14.0;
				LD_RUNPATH_SEARCH_PATHS = (
					"$(inherited)",
					"@executable_path/Frameworks",
				);
				MARKETING_VERSION = 1.0;
				PRODUCT_BUNDLE_IDENTIFIER = "com.appcoda.e-book";
				PRODUCT_NAME = "$(TARGET_NAME)";
				SWIFT_EMIT_LOC_STRINGS = YES;
				SWIFT_VERSION = 5.0;
				TARGETED_DEVICE_FAMILY = "1,2";
			};
			name = Release;
		};
/* End XCBuildConfiguration section */

/* Begin XCConfigurationList section */
		201F04052B0D99D800A59842 /* Build configuration list for PBXProject "e-book" */ = {
			isa = XCConfigurationList;
			buildConfigurations = (
				201F041C2B0D99DA00A59842 /* Debug */,
				201F041D2B0D99DA00A59842 /* Release */,
			);
			defaultConfigurationIsVisible = 0;
			defaultConfigurationName = Release;
		};
		201F041E2B0D99DA00A59842 /* Build configuration list for PBXNativeTarget "e-book" */ = {
			isa = XCConfigurationList;
			buildConfigurations = (
				201F041F2B0D99DA00A59842 /* Debug */,
				201F04202B0D99DA00A59842 /* Release */,
			);
			defaultConfigurationIsVisible = 0;
			defaultConfigurationName = Release;
		};
/* End XCConfigurationList section */
	};
	rootObject = 201F04022B0D99D800A59842 /* Project object */;
}
